
Microsoft Visual Studio Solution File, Format Version 12.00
# Visual Studio Version 17
VisualStudioVersion = 17.0.32126.317
MinimumVisualStudioVersion = 10.0.40219.1
Project("{FAE04EC0-301F-11D3-BF4B-00C04F79EFBC}") = "SortableCollections", "SortableCollections.csproj", "{1D96F6FD-C363-4180-8871-4BFD197B4146}"
EndProject
Global
	GlobalSection(SolutionConfigurationPlatforms) = preSolution
		Debug|Any CPU = Debug|Any CPU
		Release|Any CPU = Release|Any CPU
	EndGlobalSection
	GlobalSection(ProjectConfigurationPlatforms) = postSolution
		{1D96F6FD-C363-4180-8871-4BFD197B4146}.Debug|Any CPU.ActiveCfg = Debug|Any CPU
		{1D96F6FD-C363-4180-8871-4BFD197B4146}.Debug|Any CPU.Build.0 = Debug|Any CPU
		{1D96F6FD-C363-4180-8871-4BFD197B4146}.Release|Any CPU.ActiveCfg = Release|Any CPU
		{1D96F6FD-C363-4180-8871-4BFD197B4146}.Release|Any CPU.Build.0 = Release|Any CPU
	EndGlobalSection
	GlobalSection(SolutionProperties) = preSolution
		HideSolutionNode = FALSE
	EndGlobalSection
	GlobalSection(ExtensibilityGlobals) = postSolution
		SolutionGuid = {A6A696A3-21E7-4975-91A2-94FC1473523F}
	EndGlobalSection
EndGlobal
